// !$*UTF8*$!
{
	archiveVersion = 1;
	classes = {
	};
	objectVersion = 46;
	objects = {

/* Begin PBXAggregateTarget section */
		E9C6D9B46956383542EC65F6 /* All */ = {
			isa = PBXAggregateTarget;
			buildConfigurationList = 58C7E2BD2338B9A27EB4866D /* Build configuration list for PBXAggregateTarget "All" */;
			buildPhases = (
			);
			dependencies = (
				D98EC43EDD9790F07AC09B34 /* PBXTargetDependency */,
				09EE0C22B2E92482C6C6A5CD /* PBXTargetDependency */,
			);
			name = All;
			productName = All;
		};
/* End PBXAggregateTarget section */

/* Begin PBXBuildFile section */
		13F38333896768ED4F9F7730 /* scale_neon.cc in Sources */ = {isa = PBXBuildFile; fileRef = 19E9B0889F57089FC7C05E50 /* scale_neon.cc */; };
		142B6E56663961A3B378189F /* compare_neon.cc in Sources */ = {isa = PBXBuildFile; fileRef = C9E4DF889F442069BC4747E3 /* compare_neon.cc */; };
		164357654750EA559F4608CC /* convert_argb.cc in Sources */ = {isa = PBXBuildFile; fileRef = 8FD10CFD4C6A57E74BD2A64A /* convert_argb.cc */; };
		1AC996867779D0CFEE4FB6C6 /* convert_from.cc in Sources */ = {isa = PBXBuildFile; fileRef = 1803C0EC095BA1D42333CB2E /* convert_from.cc */; };
		26D20F0712629B403D3C5624 /* mjpeg_decoder.cc in Sources */ = {isa = PBXBuildFile; fileRef = 79E82F28F114EC2483DF2127 /* mjpeg_decoder.cc */; };
		2B6CA4DA5F9DAC1EBD013E31 /* rotate_neon.cc in Sources */ = {isa = PBXBuildFile; fileRef = E7B92049D8FE35DB82397C77 /* rotate_neon.cc */; };
		37E3B9D4281A8E5124C47180 /* video_common.cc in Sources */ = {isa = PBXBuildFile; fileRef = 319D722B5D3CA30123C48F0F /* video_common.cc */; };
		3B9B2EC3F38ACDB964E3DA4F /* convert_jpeg.cc in Sources */ = {isa = PBXBuildFile; fileRef = 322E0E409AFFC20B37C09B0A /* convert_jpeg.cc */; };
		419E11B4AA2989D8E03BB385 /* convert_to_i420.cc in Sources */ = {isa = PBXBuildFile; fileRef = 58BF05A0CDFD45FA6E446D9E /* convert_to_i420.cc */; };
		53FB950837A406E5A3A612C1 /* scale_mips.cc in Sources */ = {isa = PBXBuildFile; fileRef = C44EC6E60DF9D9B918423D15 /* scale_mips.cc */; };
		5AFEDEF88F9F109A7D5877D6 /* row_mips.cc in Sources */ = {isa = PBXBuildFile; fileRef = 4D2B548BF8763280659C0C22 /* row_mips.cc */; };
		5CA3738D39C8A762A3F42E31 /* row_neon.cc in Sources */ = {isa = PBXBuildFile; fileRef = D531378E8119C8F95A6CA99E /* row_neon.cc */; };
		6722B05D087A80785728D0AD /* scale.cc in Sources */ = {isa = PBXBuildFile; fileRef = 830B45CF9DAC77FF5343A722 /* scale.cc */; };
		68653DA4D07E5406B97E935D /* convert_from_argb.cc in Sources */ = {isa = PBXBuildFile; fileRef = C76EF1A259EECC4B9FE6DC7F /* convert_from_argb.cc */; };
		70307CD1AD5E61A3A67BFDCB /* planar_functions.cc in Sources */ = {isa = PBXBuildFile; fileRef = 3AD004B4430463A059C1CF09 /* planar_functions.cc */; };
		70BB1C629116750284634453 /* rotate_argb.cc in Sources */ = {isa = PBXBuildFile; fileRef = 7ADD875C1BC3222A6B9C0309 /* rotate_argb.cc */; };
		7BF3E07EAA246A2F799F4590 /* scale_posix.cc in Sources */ = {isa = PBXBuildFile; fileRef = FB87A9AD1AFCB4038C071E19 /* scale_posix.cc */; };
		8061C330FC83949692492AD2 /* mjpeg_validate.cc in Sources */ = {isa = PBXBuildFile; fileRef = 0AA9F9BF869663273213BB96 /* mjpeg_validate.cc */; };
		80CA193328FD9E1EE64C9E1D /* compare_win.cc in Sources */ = {isa = PBXBuildFile; fileRef = 7C92286B53166A58AA7D0619 /* compare_win.cc */; };
		91CC34CB29330ECE2B0B4460 /* compare_posix.cc in Sources */ = {isa = PBXBuildFile; fileRef = B231C57462D41A5B3CA85E4E /* compare_posix.cc */; };
		9FA02A33FC2CAB89B26F7048 /* convert.cc in Sources */ = {isa = PBXBuildFile; fileRef = 5D9804341C2A3F65F24E5E8D /* convert.cc */; };
		A11E4D8DA42650C906A675E5 /* convert_to_argb.cc in Sources */ = {isa = PBXBuildFile; fileRef = 3625865770F681D4D18BC739 /* convert_to_argb.cc */; };
		AC97C5229B42EEF2385294C9 /* row_posix.cc in Sources */ = {isa = PBXBuildFile; fileRef = E72AF5B95316261161D7A6FB /* row_posix.cc */; };
		C627BAF921B3C443472B2E64 /* scale_argb.cc in Sources */ = {isa = PBXBuildFile; fileRef = D3C9C7AE8C8C91D61C1024EF /* scale_argb.cc */; };
		C849926B56763156CC66A7EC /* compare.cc in Sources */ = {isa = PBXBuildFile; fileRef = EF33AEE75010A033E50080E8 /* compare.cc */; };
		CB301369ED947BCD504200E4 /* compare_common.cc in Sources */ = {isa = PBXBuildFile; fileRef = 58997F4BD451417973CB683B /* compare_common.cc */; };
		D4F900A15322DF1BB79D91AE /* rotate_mips.cc in Sources */ = {isa = PBXBuildFile; fileRef = 1F1990A5EA653E866FB68E1A /* rotate_mips.cc */; };
		DAA0E5B1A2EA4BEF77B5F265 /* cpu_id.cc in Sources */ = {isa = PBXBuildFile; fileRef = C4360403872EEB2D38F507F3 /* cpu_id.cc */; };
		E25908834A0E6AD0FE15FF48 /* scale_win.cc in Sources */ = {isa = PBXBuildFile; fileRef = EDC63A995782CF72A4B5E29F /* scale_win.cc */; };
		E80037F550A084EBA97EF591 /* format_conversion.cc in Sources */ = {isa = PBXBuildFile; fileRef = 4A1D2825BE479EE15F306D94 /* format_conversion.cc */; };
		E9ADB6E7F16239E683D74555 /* row_win.cc in Sources */ = {isa = PBXBuildFile; fileRef = C1EDB501C5C0F3392085EAA1 /* row_win.cc */; };
		EB2811146F664EBF6C3CC3B5 /* scale_common.cc in Sources */ = {isa = PBXBuildFile; fileRef = 3A54C81D56B86705491AF585 /* scale_common.cc */; };
		EFAF8E69627FDA1F3A233B21 /* row_any.cc in Sources */ = {isa = PBXBuildFile; fileRef = FA1A9DD0D43059ABFB9AA35C /* row_any.cc */; };
		FC9DC3BDE5C0D475EF701393 /* row_common.cc in Sources */ = {isa = PBXBuildFile; fileRef = 9C5A912800D1924A7A6B55FD /* row_common.cc */; };
		FD476BC2FA099D44FF36C24C /* rotate.cc in Sources */ = {isa = PBXBuildFile; fileRef = 848AE475F2050A265801E40D /* rotate.cc */; };
/* End PBXBuildFile section */

/* Begin PBXContainerItemProxy section */
		4C2C06617E4F9510726C39B9 /* PBXContainerItemProxy */ = {
			isa = PBXContainerItemProxy;
			containerPortal = 00763F89FAF8EBC9E4A6EFC8 /* Project object */;
			proxyType = 1;
			remoteGlobalIDString = BFCB3C407E427151B276345A;
			remoteInfo = libyuv;
		};
		8203BB600AE4F2680877FCE1 /* PBXContainerItemProxy */ = {
			isa = PBXContainerItemProxy;
			containerPortal = 00763F89FAF8EBC9E4A6EFC8 /* Project object */;
			proxyType = 1;
			remoteGlobalIDString = 547A074F04909628114D06CA;
			remoteInfo = libyuv_neon;
		};
/* End PBXContainerItemProxy section */

/* Begin PBXFileReference section */
		016D329BC998F42082B8639E /* scale.h */ = {isa = PBXFileReference; lastKnownFileType = sourcecode.c.h; path = scale.h; sourceTree = "<group>"; };
		0AA9F9BF869663273213BB96 /* mjpeg_validate.cc */ = {isa = PBXFileReference; lastKnownFileType = sourcecode.cpp.cpp; path = mjpeg_validate.cc; sourceTree = "<group>"; };
		0E55285087F5F1614F942CDC /* release_impl_official.gypi */ = {isa = PBXFileReference; explicitFileType = sourcecode; name = release_impl_official.gypi; path = ../../build/internal/release_impl_official.gypi; sourceTree = "<group>"; };
		0FBF3BBAB21AC616285330A8 /* basic_types.h */ = {isa = PBXFileReference; lastKnownFileType = sourcecode.c.h; path = basic_types.h; sourceTree = "<group>"; };
		1803C0EC095BA1D42333CB2E /* convert_from.cc */ = {isa = PBXFileReference; lastKnownFileType = sourcecode.cpp.cpp; path = convert_from.cc; sourceTree = "<group>"; };
		19E9B0889F57089FC7C05E50 /* scale_neon.cc */ = {isa = PBXFileReference; lastKnownFileType = sourcecode.cpp.cpp; path = scale_neon.cc; sourceTree = "<group>"; };
		1BE7E8EFF28664328AAE4E47 /* compare.h */ = {isa = PBXFileReference; lastKnownFileType = sourcecode.c.h; path = compare.h; sourceTree = "<group>"; };
		1F1990A5EA653E866FB68E1A /* rotate_mips.cc */ = {isa = PBXFileReference; lastKnownFileType = sourcecode.cpp.cpp; path = rotate_mips.cc; sourceTree = "<group>"; };
		24443ECB04F04E0514B00F88 /* convert_from.h */ = {isa = PBXFileReference; lastKnownFileType = sourcecode.c.h; path = convert_from.h; sourceTree = "<group>"; };
		290F93A761B824A23933C663 /* version.h */ = {isa = PBXFileReference; lastKnownFileType = sourcecode.c.h; path = version.h; sourceTree = "<group>"; };
		319D722B5D3CA30123C48F0F /* video_common.cc */ = {isa = PBXFileReference; lastKnownFileType = sourcecode.cpp.cpp; path = video_common.cc; sourceTree = "<group>"; };
		322E0E409AFFC20B37C09B0A /* convert_jpeg.cc */ = {isa = PBXFileReference; lastKnownFileType = sourcecode.cpp.cpp; path = convert_jpeg.cc; sourceTree = "<group>"; };
		3509DAB4F0BA69E3A027010E /* libyuv.gypi */ = {isa = PBXFileReference; explicitFileType = sourcecode; path = libyuv.gypi; sourceTree = "<group>"; };
		3625865770F681D4D18BC739 /* convert_to_argb.cc */ = {isa = PBXFileReference; lastKnownFileType = sourcecode.cpp.cpp; path = convert_to_argb.cc; sourceTree = "<group>"; };
		3A54C81D56B86705491AF585 /* scale_common.cc */ = {isa = PBXFileReference; lastKnownFileType = sourcecode.cpp.cpp; path = scale_common.cc; sourceTree = "<group>"; };
		3AD004B4430463A059C1CF09 /* planar_functions.cc */ = {isa = PBXFileReference; lastKnownFileType = sourcecode.cpp.cpp; path = planar_functions.cc; sourceTree = "<group>"; };
		40F0D3174A699ED18CC042E7 /* release_defaults.gypi */ = {isa = PBXFileReference; explicitFileType = sourcecode; name = release_defaults.gypi; path = ../../build/internal/release_defaults.gypi; sourceTree = "<group>"; };
		4A1D2825BE479EE15F306D94 /* format_conversion.cc */ = {isa = PBXFileReference; lastKnownFileType = sourcecode.cpp.cpp; path = format_conversion.cc; sourceTree = "<group>"; };
		4D2B548BF8763280659C0C22 /* row_mips.cc */ = {isa = PBXFileReference; lastKnownFileType = sourcecode.cpp.cpp; path = row_mips.cc; sourceTree = "<group>"; };
		512D4BB538507DD6BD215752 /* convert_argb.h */ = {isa = PBXFileReference; lastKnownFileType = sourcecode.c.h; path = convert_argb.h; sourceTree = "<group>"; };
		521B6D428BD4F58B647BD25E /* planar_functions.h */ = {isa = PBXFileReference; lastKnownFileType = sourcecode.c.h; path = planar_functions.h; sourceTree = "<group>"; };
		568E3016DD2F308A82671925 /* libyuv.a */ = {isa = PBXFileReference; explicitFileType = archive.ar; includeInIndex = 0; path = libyuv.a; sourceTree = BUILT_PRODUCTS_DIR; };
		58997F4BD451417973CB683B /* compare_common.cc */ = {isa = PBXFileReference; lastKnownFileType = sourcecode.cpp.cpp; path = compare_common.cc; sourceTree = "<group>"; };
		58BF05A0CDFD45FA6E446D9E /* convert_to_i420.cc */ = {isa = PBXFileReference; lastKnownFileType = sourcecode.cpp.cpp; path = convert_to_i420.cc; sourceTree = "<group>"; };
		5AC0720A2803F9C997A44742 /* libyuv.h */ = {isa = PBXFileReference; lastKnownFileType = sourcecode.c.h; path = libyuv.h; sourceTree = "<group>"; };
		5B2A33713D7A20328C3B2F92 /* rotate.h */ = {isa = PBXFileReference; lastKnownFileType = sourcecode.c.h; path = rotate.h; sourceTree = "<group>"; };
		5D9804341C2A3F65F24E5E8D /* convert.cc */ = {isa = PBXFileReference; lastKnownFileType = sourcecode.cpp.cpp; path = convert.cc; sourceTree = "<group>"; };
		609D59CB80B6C6474754DF81 /* scale_argb.h */ = {isa = PBXFileReference; lastKnownFileType = sourcecode.c.h; path = scale_argb.h; sourceTree = "<group>"; };
		62F248FB7B75C7197CD4A39C /* scale_row.h */ = {isa = PBXFileReference; lastKnownFileType = sourcecode.c.h; path = scale_row.h; sourceTree = "<group>"; };
		6375A1D83FF585FF6E4064A6 /* video_common.h */ = {isa = PBXFileReference; lastKnownFileType = sourcecode.c.h; path = video_common.h; sourceTree = "<group>"; };
		6657E299506279A3B902AB8A /* cpu_id.h */ = {isa = PBXFileReference; lastKnownFileType = sourcecode.c.h; path = cpu_id.h; sourceTree = "<group>"; };
		6A156D9D634ECB593D6F68D6 /* supplement.gypi */ = {isa = PBXFileReference; explicitFileType = sourcecode; name = supplement.gypi; path = ../../webrtc/supplement.gypi; sourceTree = "<group>"; };
		7923BC710F24D67C61A28919 /* libyuv.gyp */ = {isa = PBXFileReference; explicitFileType = sourcecode; path = libyuv.gyp; sourceTree = "<group>"; };
		79D382335CEB91F5D2C3B5D5 /* common.gypi */ = {isa = PBXFileReference; explicitFileType = sourcecode; name = common.gypi; path = ../../build/common.gypi; sourceTree = "<group>"; };
		79E82F28F114EC2483DF2127 /* mjpeg_decoder.cc */ = {isa = PBXFileReference; lastKnownFileType = sourcecode.cpp.cpp; path = mjpeg_decoder.cc; sourceTree = "<group>"; };
		7ADD875C1BC3222A6B9C0309 /* rotate_argb.cc */ = {isa = PBXFileReference; lastKnownFileType = sourcecode.cpp.cpp; path = rotate_argb.cc; sourceTree = "<group>"; };
		7C92286B53166A58AA7D0619 /* compare_win.cc */ = {isa = PBXFileReference; lastKnownFileType = sourcecode.cpp.cpp; path = compare_win.cc; sourceTree = "<group>"; };
		830B45CF9DAC77FF5343A722 /* scale.cc */ = {isa = PBXFileReference; lastKnownFileType = sourcecode.cpp.cpp; path = scale.cc; sourceTree = "<group>"; };
		83964A056CBBA00BF6A59C58 /* convert.h */ = {isa = PBXFileReference; lastKnownFileType = sourcecode.c.h; path = convert.h; sourceTree = "<group>"; };
		848AE475F2050A265801E40D /* rotate.cc */ = {isa = PBXFileReference; lastKnownFileType = sourcecode.cpp.cpp; path = rotate.cc; sourceTree = "<group>"; };
		849E0F419549D3CB7EB653B1 /* convert_from_argb.h */ = {isa = PBXFileReference; lastKnownFileType = sourcecode.c.h; path = convert_from_argb.h; sourceTree = "<group>"; };
		8FD10CFD4C6A57E74BD2A64A /* convert_argb.cc */ = {isa = PBXFileReference; lastKnownFileType = sourcecode.cpp.cpp; path = convert_argb.cc; sourceTree = "<group>"; };
		94274D863A645939B9ED45B7 /* libyuv_neon.a */ = {isa = PBXFileReference; explicitFileType = archive.ar; includeInIndex = 0; path = libyuv_neon.a; sourceTree = BUILT_PRODUCTS_DIR; };
		9C5A912800D1924A7A6B55FD /* row_common.cc */ = {isa = PBXFileReference; lastKnownFileType = sourcecode.cpp.cpp; path = row_common.cc; sourceTree = "<group>"; };
		B03E4C81B5ACE0C27CC418B4 /* release.gypi */ = {isa = PBXFileReference; explicitFileType = sourcecode; name = release.gypi; path = ../../build/release.gypi; sourceTree = "<group>"; };
		B231C57462D41A5B3CA85E4E /* compare_posix.cc */ = {isa = PBXFileReference; lastKnownFileType = sourcecode.cpp.cpp; path = compare_posix.cc; sourceTree = "<group>"; };
		C1EDB501C5C0F3392085EAA1 /* row_win.cc */ = {isa = PBXFileReference; lastKnownFileType = sourcecode.cpp.cpp; path = row_win.cc; sourceTree = "<group>"; };
		C4360403872EEB2D38F507F3 /* cpu_id.cc */ = {isa = PBXFileReference; lastKnownFileType = sourcecode.cpp.cpp; path = cpu_id.cc; sourceTree = "<group>"; };
		C44EC6E60DF9D9B918423D15 /* scale_mips.cc */ = {isa = PBXFileReference; lastKnownFileType = sourcecode.cpp.cpp; path = scale_mips.cc; sourceTree = "<group>"; };
		C76EF1A259EECC4B9FE6DC7F /* convert_from_argb.cc */ = {isa = PBXFileReference; lastKnownFileType = sourcecode.cpp.cpp; path = convert_from_argb.cc; sourceTree = "<group>"; };
		C79590FCDE18E4F5BB0B1FA1 /* rotate_argb.h */ = {isa = PBXFileReference; lastKnownFileType = sourcecode.c.h; path = rotate_argb.h; sourceTree = "<group>"; };
		C9C1FE78492C8263B7161AF2 /* release_impl.gypi */ = {isa = PBXFileReference; explicitFileType = sourcecode; name = release_impl.gypi; path = ../../build/internal/release_impl.gypi; sourceTree = "<group>"; };
		C9E4DF889F442069BC4747E3 /* compare_neon.cc */ = {isa = PBXFileReference; lastKnownFileType = sourcecode.cpp.cpp; path = compare_neon.cc; sourceTree = "<group>"; };
		D3C9C7AE8C8C91D61C1024EF /* scale_argb.cc */ = {isa = PBXFileReference; lastKnownFileType = sourcecode.cpp.cpp; path = scale_argb.cc; sourceTree = "<group>"; };
		D531378E8119C8F95A6CA99E /* row_neon.cc */ = {isa = PBXFileReference; lastKnownFileType = sourcecode.cpp.cpp; path = row_neon.cc; sourceTree = "<group>"; };
		E72AF5B95316261161D7A6FB /* row_posix.cc */ = {isa = PBXFileReference; lastKnownFileType = sourcecode.cpp.cpp; path = row_posix.cc; sourceTree = "<group>"; };
		E7B92049D8FE35DB82397C77 /* rotate_neon.cc */ = {isa = PBXFileReference; lastKnownFileType = sourcecode.cpp.cpp; path = rotate_neon.cc; sourceTree = "<group>"; };
		E8417817D873E57C368834EF /* filename_rules.gypi */ = {isa = PBXFileReference; explicitFileType = sourcecode; name = filename_rules.gypi; path = ../../build/filename_rules.gypi; sourceTree = "<group>"; };
		EDC63A995782CF72A4B5E29F /* scale_win.cc */ = {isa = PBXFileReference; lastKnownFileType = sourcecode.cpp.cpp; path = scale_win.cc; sourceTree = "<group>"; };
		EED56395A42F2B9774682C39 /* mjpeg_decoder.h */ = {isa = PBXFileReference; lastKnownFileType = sourcecode.c.h; path = mjpeg_decoder.h; sourceTree = "<group>"; };
		EF33AEE75010A033E50080E8 /* compare.cc */ = {isa = PBXFileReference; lastKnownFileType = sourcecode.cpp.cpp; path = compare.cc; sourceTree = "<group>"; };
		F1A1A5F79573CF8508D22B1B /* format_conversion.h */ = {isa = PBXFileReference; lastKnownFileType = sourcecode.c.h; path = format_conversion.h; sourceTree = "<group>"; };
		F964739B6254969E2EDFC91D /* row.h */ = {isa = PBXFileReference; lastKnownFileType = sourcecode.c.h; path = row.h; sourceTree = "<group>"; };
		FA1A9DD0D43059ABFB9AA35C /* row_any.cc */ = {isa = PBXFileReference; lastKnownFileType = sourcecode.cpp.cpp; path = row_any.cc; sourceTree = "<group>"; };
		FB87A9AD1AFCB4038C071E19 /* scale_posix.cc */ = {isa = PBXFileReference; lastKnownFileType = sourcecode.cpp.cpp; path = scale_posix.cc; sourceTree = "<group>"; };
/* End PBXFileReference section */

/* Begin PBXFrameworksBuildPhase section */
		00D2216B9AC20A9948167AC2 /* Frameworks */ = {
			isa = PBXFrameworksBuildPhase;
			buildActionMask = 2147483647;
			files = (
			);
			runOnlyForDeploymentPostprocessing = 0;
		};
		EBC193FA7088F10D343D28CD /* Frameworks */ = {
			isa = PBXFrameworksBuildPhase;
			buildActionMask = 2147483647;
			files = (
			);
			runOnlyForDeploymentPostprocessing = 0;
		};
/* End PBXFrameworksBuildPhase section */

/* Begin PBXGroup section */
		0643DCC3C3CB886E565ABFEB /* Build */ = {
			isa = PBXGroup;
			children = (
				79D382335CEB91F5D2C3B5D5 /* common.gypi */,
				E8417817D873E57C368834EF /* filename_rules.gypi */,
				7923BC710F24D67C61A28919 /* libyuv.gyp */,
				3509DAB4F0BA69E3A027010E /* libyuv.gypi */,
				B03E4C81B5ACE0C27CC418B4 /* release.gypi */,
				40F0D3174A699ED18CC042E7 /* release_defaults.gypi */,
				C9C1FE78492C8263B7161AF2 /* release_impl.gypi */,
				0E55285087F5F1614F942CDC /* release_impl_official.gypi */,
				6A156D9D634ECB593D6F68D6 /* supplement.gypi */,
			);
			name = Build;
			sourceTree = "<group>";
		};
		438841C59362404151DA13D0 /* source */ = {
			isa = PBXGroup;
			children = (
				EF33AEE75010A033E50080E8 /* compare.cc */,
				58997F4BD451417973CB683B /* compare_common.cc */,
				C9E4DF889F442069BC4747E3 /* compare_neon.cc */,
				B231C57462D41A5B3CA85E4E /* compare_posix.cc */,
				7C92286B53166A58AA7D0619 /* compare_win.cc */,
				5D9804341C2A3F65F24E5E8D /* convert.cc */,
				8FD10CFD4C6A57E74BD2A64A /* convert_argb.cc */,
				1803C0EC095BA1D42333CB2E /* convert_from.cc */,
				C76EF1A259EECC4B9FE6DC7F /* convert_from_argb.cc */,
				322E0E409AFFC20B37C09B0A /* convert_jpeg.cc */,
				3625865770F681D4D18BC739 /* convert_to_argb.cc */,
				58BF05A0CDFD45FA6E446D9E /* convert_to_i420.cc */,
				C4360403872EEB2D38F507F3 /* cpu_id.cc */,
				4A1D2825BE479EE15F306D94 /* format_conversion.cc */,
				79E82F28F114EC2483DF2127 /* mjpeg_decoder.cc */,
				0AA9F9BF869663273213BB96 /* mjpeg_validate.cc */,
				3AD004B4430463A059C1CF09 /* planar_functions.cc */,
				848AE475F2050A265801E40D /* rotate.cc */,
				7ADD875C1BC3222A6B9C0309 /* rotate_argb.cc */,
				1F1990A5EA653E866FB68E1A /* rotate_mips.cc */,
				E7B92049D8FE35DB82397C77 /* rotate_neon.cc */,
				FA1A9DD0D43059ABFB9AA35C /* row_any.cc */,
				9C5A912800D1924A7A6B55FD /* row_common.cc */,
				4D2B548BF8763280659C0C22 /* row_mips.cc */,
				D531378E8119C8F95A6CA99E /* row_neon.cc */,
				E72AF5B95316261161D7A6FB /* row_posix.cc */,
				C1EDB501C5C0F3392085EAA1 /* row_win.cc */,
				830B45CF9DAC77FF5343A722 /* scale.cc */,
				D3C9C7AE8C8C91D61C1024EF /* scale_argb.cc */,
				3A54C81D56B86705491AF585 /* scale_common.cc */,
				C44EC6E60DF9D9B918423D15 /* scale_mips.cc */,
				19E9B0889F57089FC7C05E50 /* scale_neon.cc */,
				FB87A9AD1AFCB4038C071E19 /* scale_posix.cc */,
				EDC63A995782CF72A4B5E29F /* scale_win.cc */,
				319D722B5D3CA30123C48F0F /* video_common.cc */,
			);
			path = source;
			sourceTree = "<group>";
		};
		50C68F2D70ACA003EB3AF803 = {
			isa = PBXGroup;
			children = (
				CAE0056CE5D7F3609AE6F0E4 /* Source */,
				D37D3A75084B75A70B538346 /* Products */,
				0643DCC3C3CB886E565ABFEB /* Build */,
			);
			sourceTree = "<group>";
		};
		91F18C9B54C4D783AD6EAF94 /* include */ = {
			isa = PBXGroup;
			children = (
				FE468363C866DF97A8406281 /* libyuv */,
				5AC0720A2803F9C997A44742 /* libyuv.h */,
			);
			path = include;
			sourceTree = "<group>";
		};
		CAE0056CE5D7F3609AE6F0E4 /* Source */ = {
			isa = PBXGroup;
			children = (
				91F18C9B54C4D783AD6EAF94 /* include */,
				438841C59362404151DA13D0 /* source */,
			);
			name = Source;
			sourceTree = "<group>";
		};
		D37D3A75084B75A70B538346 /* Products */ = {
			isa = PBXGroup;
			children = (
				568E3016DD2F308A82671925 /* libyuv.a */,
				94274D863A645939B9ED45B7 /* libyuv_neon.a */,
			);
			name = Products;
			sourceTree = "<group>";
		};
		FE468363C866DF97A8406281 /* libyuv */ = {
			isa = PBXGroup;
			children = (
				0FBF3BBAB21AC616285330A8 /* basic_types.h */,
				1BE7E8EFF28664328AAE4E47 /* compare.h */,
				83964A056CBBA00BF6A59C58 /* convert.h */,
				512D4BB538507DD6BD215752 /* convert_argb.h */,
				24443ECB04F04E0514B00F88 /* convert_from.h */,
				849E0F419549D3CB7EB653B1 /* convert_from_argb.h */,
				6657E299506279A3B902AB8A /* cpu_id.h */,
				F1A1A5F79573CF8508D22B1B /* format_conversion.h */,
				EED56395A42F2B9774682C39 /* mjpeg_decoder.h */,
				521B6D428BD4F58B647BD25E /* planar_functions.h */,
				5B2A33713D7A20328C3B2F92 /* rotate.h */,
				C79590FCDE18E4F5BB0B1FA1 /* rotate_argb.h */,
				F964739B6254969E2EDFC91D /* row.h */,
				016D329BC998F42082B8639E /* scale.h */,
				609D59CB80B6C6474754DF81 /* scale_argb.h */,
				62F248FB7B75C7197CD4A39C /* scale_row.h */,
				290F93A761B824A23933C663 /* version.h */,
				6375A1D83FF585FF6E4064A6 /* video_common.h */,
			);
			path = libyuv;
			sourceTree = "<group>";
		};
/* End PBXGroup section */

/* Begin PBXNativeTarget section */
		547A074F04909628114D06CA /* libyuv_neon */ = {
			isa = PBXNativeTarget;
			buildConfigurationList = 27F6E02B91E12942B9402693 /* Build configuration list for PBXNativeTarget "libyuv_neon" */;
			buildPhases = (
				8F5D4483044117B5F2C23BEB /* Sources */,
				00D2216B9AC20A9948167AC2 /* Frameworks */,
			);
			buildRules = (
			);
			dependencies = (
			);
			name = libyuv_neon;
			productName = yuv_neon;
			productReference = 94274D863A645939B9ED45B7 /* libyuv_neon.a */;
			productType = "com.apple.product-type.library.static";
		};
		BFCB3C407E427151B276345A /* libyuv */ = {
			isa = PBXNativeTarget;
			buildConfigurationList = 9278C9EACB248EE6099C966E /* Build configuration list for PBXNativeTarget "libyuv" */;
			buildPhases = (
				30570A9AB7D37B433265432D /* Sources */,
				EBC193FA7088F10D343D28CD /* Frameworks */,
			);
			buildRules = (
			);
			dependencies = (
			);
			name = libyuv;
			productName = yuv;
			productReference = 568E3016DD2F308A82671925 /* libyuv.a */;
			productType = "com.apple.product-type.library.static";
		};
/* End PBXNativeTarget section */

/* Begin PBXProject section */
		00763F89FAF8EBC9E4A6EFC8 /* Project object */ = {
			isa = PBXProject;
			attributes = {
				BuildIndependentTargetsInParallel = YES;
				LastUpgradeCheck = 0510;
			};
			buildConfigurationList = 54432C639D0E4F1C2AA31DD2 /* Build configuration list for PBXProject "libyuv_ios" */;
			compatibilityVersion = "Xcode 3.2";
			developmentRegion = English;
			hasScannedForEncodings = 1;
			knownRegions = (
				en,
			);
			mainGroup = 50C68F2D70ACA003EB3AF803;
			projectDirPath = "";
			projectRoot = "";
			targets = (
				E9C6D9B46956383542EC65F6 /* All */,
				BFCB3C407E427151B276345A /* libyuv */,
				547A074F04909628114D06CA /* libyuv_neon */,
			);
		};
/* End PBXProject section */

/* Begin PBXSourcesBuildPhase section */
		30570A9AB7D37B433265432D /* Sources */ = {
			isa = PBXSourcesBuildPhase;
			buildActionMask = 2147483647;
			files = (
				C849926B56763156CC66A7EC /* compare.cc in Sources */,
				CB301369ED947BCD504200E4 /* compare_common.cc in Sources */,
				91CC34CB29330ECE2B0B4460 /* compare_posix.cc in Sources */,
				80CA193328FD9E1EE64C9E1D /* compare_win.cc in Sources */,
				9FA02A33FC2CAB89B26F7048 /* convert.cc in Sources */,
				164357654750EA559F4608CC /* convert_argb.cc in Sources */,
				1AC996867779D0CFEE4FB6C6 /* convert_from.cc in Sources */,
				68653DA4D07E5406B97E935D /* convert_from_argb.cc in Sources */,
				3B9B2EC3F38ACDB964E3DA4F /* convert_jpeg.cc in Sources */,
				A11E4D8DA42650C906A675E5 /* convert_to_argb.cc in Sources */,
				419E11B4AA2989D8E03BB385 /* convert_to_i420.cc in Sources */,
				DAA0E5B1A2EA4BEF77B5F265 /* cpu_id.cc in Sources */,
				E80037F550A084EBA97EF591 /* format_conversion.cc in Sources */,
				26D20F0712629B403D3C5624 /* mjpeg_decoder.cc in Sources */,
				8061C330FC83949692492AD2 /* mjpeg_validate.cc in Sources */,
				70307CD1AD5E61A3A67BFDCB /* planar_functions.cc in Sources */,
				FD476BC2FA099D44FF36C24C /* rotate.cc in Sources */,
				70BB1C629116750284634453 /* rotate_argb.cc in Sources */,
				D4F900A15322DF1BB79D91AE /* rotate_mips.cc in Sources */,
				EFAF8E69627FDA1F3A233B21 /* row_any.cc in Sources */,
				FC9DC3BDE5C0D475EF701393 /* row_common.cc in Sources */,
				5AFEDEF88F9F109A7D5877D6 /* row_mips.cc in Sources */,
				AC97C5229B42EEF2385294C9 /* row_posix.cc in Sources */,
				E9ADB6E7F16239E683D74555 /* row_win.cc in Sources */,
				6722B05D087A80785728D0AD /* scale.cc in Sources */,
				C627BAF921B3C443472B2E64 /* scale_argb.cc in Sources */,
				EB2811146F664EBF6C3CC3B5 /* scale_common.cc in Sources */,
				53FB950837A406E5A3A612C1 /* scale_mips.cc in Sources */,
				7BF3E07EAA246A2F799F4590 /* scale_posix.cc in Sources */,
				E25908834A0E6AD0FE15FF48 /* scale_win.cc in Sources */,
				37E3B9D4281A8E5124C47180 /* video_common.cc in Sources */,
			);
			runOnlyForDeploymentPostprocessing = 0;
		};
		8F5D4483044117B5F2C23BEB /* Sources */ = {
			isa = PBXSourcesBuildPhase;
			buildActionMask = 2147483647;
			files = (
				142B6E56663961A3B378189F /* compare_neon.cc in Sources */,
				2B6CA4DA5F9DAC1EBD013E31 /* rotate_neon.cc in Sources */,
				5CA3738D39C8A762A3F42E31 /* row_neon.cc in Sources */,
				13F38333896768ED4F9F7730 /* scale_neon.cc in Sources */,
			);
			runOnlyForDeploymentPostprocessing = 0;
		};
/* End PBXSourcesBuildPhase section */

/* Begin PBXTargetDependency section */
		09EE0C22B2E92482C6C6A5CD /* PBXTargetDependency */ = {
			isa = PBXTargetDependency;
			target = 547A074F04909628114D06CA /* libyuv_neon */;
			targetProxy = 8203BB600AE4F2680877FCE1 /* PBXContainerItemProxy */;
		};
		D98EC43EDD9790F07AC09B34 /* PBXTargetDependency */ = {
			isa = PBXTargetDependency;
			target = BFCB3C407E427151B276345A /* libyuv */;
			targetProxy = 4C2C06617E4F9510726C39B9 /* PBXContainerItemProxy */;
		};
/* End PBXTargetDependency section */

/* Begin XCBuildConfiguration section */
		1AD16B7ED718FCCC331AEB5A /* Release */ = {
			isa = XCBuildConfiguration;
			buildSettings = {
				INTERMEDIATE_DIR = "$(PROJECT_DERIVED_FILE_DIR)/$(CONFIGURATION)";
				SDKROOT = iphoneos;
				SHARED_INTERMEDIATE_DIR = "$(SYMROOT)/DerivedSources/$(CONFIGURATION)";
				SKIP_INSTALL = YES;
				SYMROOT = ../../xcodebuild;
				TARGETED_DEVICE_FAMILY = "1,2";
			};
			name = Release;
		};
		25653B5A19E30F103CA5BC4F /* Debug */ = {
			isa = XCBuildConfiguration;
			buildSettings = {
				PRODUCT_NAME = All;
			};
			name = Debug;
		};
		4763052CA76A845B3C04A8DC /* Release */ = {
			isa = XCBuildConfiguration;
			buildSettings = {
				PRODUCT_NAME = All;
			};
			name = Release;
		};
		79A66B7BD6AA51F6526EF61C /* Profile */ = {
			isa = XCBuildConfiguration;
			buildSettings = {
				ALWAYS_SEARCH_USER_PATHS = NO;
				CLANG_CXX_LANGUAGE_STANDARD = "gnu++0x";
				CLANG_LINK_OBJC_RUNTIME = NO;
				CLANG_WARN_OBJC_MISSING_PROPERTY_SYNTHESIS = NO;
				COPY_PHASE_STRIP = NO;
				DEAD_CODE_STRIPPING = YES;
				EXECUTABLE_PREFIX = lib;
				GCC_CW_ASM_SYNTAX = NO;
				GCC_C_LANGUAGE_STANDARD = c99;
				GCC_ENABLE_CPP_EXCEPTIONS = NO;
				GCC_ENABLE_CPP_RTTI = NO;
				GCC_ENABLE_PASCAL_STRINGS = NO;
				GCC_INLINES_ARE_PRIVATE_EXTERN = YES;
				GCC_OBJC_CALL_CXX_CDTORS = YES;
				GCC_OPTIMIZATION_LEVEL = s;
				GCC_PRECOMPILE_PREFIX_HEADER = YES;
				GCC_PREPROCESSOR_DEFINITIONS = (
					V8_DEPRECATION_WARNINGS,
					BLINK_SCALE_FILTERS_AT_RECORD_TIME,
					DISABLE_NACL,
					CHROMIUM_BUILD,
					"USE_LIBJPEG_TURBO=1",
					ENABLE_CONFIGURATION_POLICY,
					DISCARDABLE_MEMORY_ALWAYS_SUPPORTED_NATIVELY,
					SYSTEM_NATIVELY_SIGNALS_MEMORY_PRESSURE,
					"ENABLE_EGLIMAGE=1",
					"CLD_VERSION=1",
					"ENABLE_SPELLCHECK=1",
					"DISABLE_FTP_SUPPORT=1",
					LIBYUV_NEON,
					NDEBUG,
					NVALGRIND,
					"DYNAMIC_ANNOTATIONS_ENABLED=0",
					"NS_BLOCK_ASSERTIONS=1",
				);
				GCC_SYMBOLS_PRIVATE_EXTERN = YES;
				GCC_THREADSAFE_STATICS = NO;
				GCC_TREAT_WARNINGS_AS_ERRORS = NO;
				GCC_VERSION = com.apple.compilers.llvm.clang.1_0;
				GCC_WARN_ABOUT_MISSING_NEWLINE = YES;
				HEADER_SEARCH_PATHS = (
					include,
					.,
				);
				IPHONEOS_DEPLOYMENT_TARGET = 6.0;
				OTHER_CFLAGS = "";
				PRODUCT_NAME = yuv;
				RUN_CLANG_STATIC_ANALYZER = NO;
				USE_HEADERMAP = NO;
				VALID_ARCHS = "armv7 armv7s";
				WARNING_CFLAGS = (
					"-Wendif-labels",
					"-Wno-unused-parameter",
					"-Wno-missing-field-initializers",
					"-Wheader-hygiene",
					"-Wno-c++11-narrowing",
					"-Wno-char-subscripts",
					"-Wno-unneeded-internal-declaration",
					"-Wno-covered-switch-default",
					"-Wstring-conversion",
					"-Wno-deprecated-register",
					"-Wno-absolute-value",
					"-Wno-unknown-warning-option",
				);
				WARNING_CFLAGS_excluded = "-Wall -Wextra";
			};
			name = Profile;
		};
		7E82C7E3333926DEA110C9A0 /* Profile */ = {
			isa = XCBuildConfiguration;
			buildSettings = {
				PRODUCT_NAME = All;
			};
			name = Profile;
		};
		9E3292FF7BC4A7DADD4C5476 /* Profile */ = {
			isa = XCBuildConfiguration;
			buildSettings = {
				ALWAYS_SEARCH_USER_PATHS = NO;
				CLANG_CXX_LANGUAGE_STANDARD = "gnu++0x";
				CLANG_LINK_OBJC_RUNTIME = NO;
				CLANG_WARN_OBJC_MISSING_PROPERTY_SYNTHESIS = NO;
				COPY_PHASE_STRIP = NO;
				DEAD_CODE_STRIPPING = YES;
				EXECUTABLE_PREFIX = lib;
				GCC_CW_ASM_SYNTAX = NO;
				GCC_C_LANGUAGE_STANDARD = c99;
				GCC_ENABLE_CPP_EXCEPTIONS = NO;
				GCC_ENABLE_CPP_RTTI = NO;
				GCC_ENABLE_PASCAL_STRINGS = NO;
				GCC_INLINES_ARE_PRIVATE_EXTERN = YES;
				GCC_OBJC_CALL_CXX_CDTORS = YES;
				GCC_OPTIMIZATION_LEVEL = s;
				GCC_PRECOMPILE_PREFIX_HEADER = YES;
				GCC_PREPROCESSOR_DEFINITIONS = (
					V8_DEPRECATION_WARNINGS,
					BLINK_SCALE_FILTERS_AT_RECORD_TIME,
					DISABLE_NACL,
					CHROMIUM_BUILD,
					"USE_LIBJPEG_TURBO=1",
					ENABLE_CONFIGURATION_POLICY,
					DISCARDABLE_MEMORY_ALWAYS_SUPPORTED_NATIVELY,
					SYSTEM_NATIVELY_SIGNALS_MEMORY_PRESSURE,
					"ENABLE_EGLIMAGE=1",
					"CLD_VERSION=1",
					"ENABLE_SPELLCHECK=1",
					"DISABLE_FTP_SUPPORT=1",
					NDEBUG,
					NVALGRIND,
					"DYNAMIC_ANNOTATIONS_ENABLED=0",
					"NS_BLOCK_ASSERTIONS=1",
				);
				GCC_SYMBOLS_PRIVATE_EXTERN = YES;
				GCC_THREADSAFE_STATICS = NO;
				GCC_TREAT_WARNINGS_AS_ERRORS = NO;
				GCC_VERSION = com.apple.compilers.llvm.clang.1_0;
				GCC_WARN_ABOUT_MISSING_NEWLINE = YES;
				HEADER_SEARCH_PATHS = (
					include,
					.,
				);
				IPHONEOS_DEPLOYMENT_TARGET = 6.0;
				OTHER_CFLAGS = "";
				PRODUCT_NAME = yuv_neon;
				RUN_CLANG_STATIC_ANALYZER = NO;
				USE_HEADERMAP = NO;
				VALID_ARCHS = "armv7 armv7s";
				WARNING_CFLAGS = (
					"-Wendif-labels",
					"-Wno-unused-parameter",
					"-Wno-missing-field-initializers",
					"-Wheader-hygiene",
					"-Wno-c++11-narrowing",
					"-Wno-char-subscripts",
					"-Wno-unneeded-internal-declaration",
					"-Wno-covered-switch-default",
					"-Wstring-conversion",
					"-Wno-deprecated-register",
					"-Wno-absolute-value",
					"-Wno-unknown-warning-option",
				);
				WARNING_CFLAGS_excluded = "-Wall -Wextra";
			};
			name = Profile;
		};
		B48ED5263FC78C357C781A76 /* Debug */ = {
			isa = XCBuildConfiguration;
			buildSettings = {
				ALWAYS_SEARCH_USER_PATHS = NO;
				CLANG_CXX_LANGUAGE_STANDARD = "gnu++0x";
				CLANG_LINK_OBJC_RUNTIME = NO;
				CLANG_WARN_OBJC_MISSING_PROPERTY_SYNTHESIS = NO;
				COPY_PHASE_STRIP = NO;
				EXECUTABLE_PREFIX = lib;
				GCC_CW_ASM_SYNTAX = NO;
				GCC_C_LANGUAGE_STANDARD = c99;
				GCC_ENABLE_CPP_EXCEPTIONS = NO;
				GCC_ENABLE_CPP_RTTI = NO;
				GCC_ENABLE_PASCAL_STRINGS = NO;
				GCC_INLINES_ARE_PRIVATE_EXTERN = YES;
				GCC_OBJC_CALL_CXX_CDTORS = YES;
				GCC_OPTIMIZATION_LEVEL = 0;
				GCC_PRECOMPILE_PREFIX_HEADER = YES;
				GCC_PREPROCESSOR_DEFINITIONS = (
					V8_DEPRECATION_WARNINGS,
					BLINK_SCALE_FILTERS_AT_RECORD_TIME,
					DISABLE_NACL,
					CHROMIUM_BUILD,
					"USE_LIBJPEG_TURBO=1",
					ENABLE_CONFIGURATION_POLICY,
					DISCARDABLE_MEMORY_ALWAYS_SUPPORTED_NATIVELY,
					SYSTEM_NATIVELY_SIGNALS_MEMORY_PRESSURE,
					"ENABLE_EGLIMAGE=1",
					"CLD_VERSION=1",
					"ENABLE_SPELLCHECK=1",
					"DISABLE_FTP_SUPPORT=1",
					"DYNAMIC_ANNOTATIONS_ENABLED=1",
					"WTF_USE_DYNAMIC_ANNOTATIONS=1",
				);
				GCC_SYMBOLS_PRIVATE_EXTERN = YES;
				GCC_THREADSAFE_STATICS = NO;
				GCC_TREAT_WARNINGS_AS_ERRORS = NO;
				GCC_VERSION = com.apple.compilers.llvm.clang.1_0;
				GCC_WARN_ABOUT_MISSING_NEWLINE = YES;
				HEADER_SEARCH_PATHS = (
					include,
					.,
				);
				IPHONEOS_DEPLOYMENT_TARGET = 6.0;
				OTHER_CFLAGS = "-fstack-protector-all";
				PRODUCT_NAME = yuv_neon;
				RUN_CLANG_STATIC_ANALYZER = NO;
				USE_HEADERMAP = NO;
				VALID_ARCHS = "armv7 armv7s";
				WARNING_CFLAGS = (
					"-Wendif-labels",
					"-Wno-unused-parameter",
					"-Wno-missing-field-initializers",
					"-Wheader-hygiene",
					"-Wno-c++11-narrowing",
					"-Wno-char-subscripts",
					"-Wno-unneeded-internal-declaration",
					"-Wno-covered-switch-default",
					"-Wstring-conversion",
					"-Wno-deprecated-register",
					"-Wno-absolute-value",
					"-Wno-unknown-warning-option",
				);
				WARNING_CFLAGS_excluded = "-Wall -Wextra";
			};
			name = Debug;
		};
		C108B4EFD5907D2CE58B4D4A /* Debug */ = {
			isa = XCBuildConfiguration;
			buildSettings = {
				INTERMEDIATE_DIR = "$(PROJECT_DERIVED_FILE_DIR)/$(CONFIGURATION)";
				SDKROOT = iphoneos;
				SHARED_INTERMEDIATE_DIR = "$(SYMROOT)/DerivedSources/$(CONFIGURATION)";
				SKIP_INSTALL = YES;
				SYMROOT = ../../xcodebuild;
				TARGETED_DEVICE_FAMILY = "1,2";
			};
			name = Debug;
		};
		C114BE44C4731D49E2FA1EFB /* Release */ = {
			isa = XCBuildConfiguration;
			buildSettings = {
				ALWAYS_SEARCH_USER_PATHS = NO;
				CLANG_CXX_LANGUAGE_STANDARD = "gnu++0x";
				CLANG_LINK_OBJC_RUNTIME = NO;
				CLANG_WARN_OBJC_MISSING_PROPERTY_SYNTHESIS = NO;
				COPY_PHASE_STRIP = NO;
				DEAD_CODE_STRIPPING = YES;
				EXECUTABLE_PREFIX = lib;
				GCC_CW_ASM_SYNTAX = NO;
				GCC_C_LANGUAGE_STANDARD = c99;
				GCC_ENABLE_CPP_EXCEPTIONS = NO;
				GCC_ENABLE_CPP_RTTI = NO;
				GCC_ENABLE_PASCAL_STRINGS = NO;
				GCC_INLINES_ARE_PRIVATE_EXTERN = YES;
				GCC_OBJC_CALL_CXX_CDTORS = YES;
				GCC_OPTIMIZATION_LEVEL = s;
				GCC_PRECOMPILE_PREFIX_HEADER = YES;
				GCC_PREPROCESSOR_DEFINITIONS = (
					V8_DEPRECATION_WARNINGS,
					BLINK_SCALE_FILTERS_AT_RECORD_TIME,
					DISABLE_NACL,
					CHROMIUM_BUILD,
					"USE_LIBJPEG_TURBO=1",
					ENABLE_CONFIGURATION_POLICY,
					DISCARDABLE_MEMORY_ALWAYS_SUPPORTED_NATIVELY,
					SYSTEM_NATIVELY_SIGNALS_MEMORY_PRESSURE,
					"ENABLE_EGLIMAGE=1",
					"CLD_VERSION=1",
					"ENABLE_SPELLCHECK=1",
					"DISABLE_FTP_SUPPORT=1",
					NDEBUG,
					NVALGRIND,
					"DYNAMIC_ANNOTATIONS_ENABLED=0",
					"NS_BLOCK_ASSERTIONS=1",
				);
				GCC_SYMBOLS_PRIVATE_EXTERN = YES;
				GCC_THREADSAFE_STATICS = NO;
				GCC_TREAT_WARNINGS_AS_ERRORS = NO;
				GCC_VERSION = com.apple.compilers.llvm.clang.1_0;
				GCC_WARN_ABOUT_MISSING_NEWLINE = YES;
				HEADER_SEARCH_PATHS = (
					include,
					.,
				);
				IPHONEOS_DEPLOYMENT_TARGET = 6.0;
				OTHER_CFLAGS = "";
				PRODUCT_NAME = yuv_neon;
				RUN_CLANG_STATIC_ANALYZER = NO;
				USE_HEADERMAP = NO;
				VALID_ARCHS = "armv7 armv7s";
				WARNING_CFLAGS = (
					"-Wendif-labels",
					"-Wno-unused-parameter",
					"-Wno-missing-field-initializers",
					"-Wheader-hygiene",
					"-Wno-c++11-narrowing",
					"-Wno-char-subscripts",
					"-Wno-unneeded-internal-declaration",
					"-Wno-covered-switch-default",
					"-Wstring-conversion",
					"-Wno-deprecated-register",
					"-Wno-absolute-value",
					"-Wno-unknown-warning-option",
				);
				WARNING_CFLAGS_excluded = "-Wall -Wextra";
			};
			name = Release;
		};
		E2DFB93E2E35B25F9AB849E1 /* Debug */ = {
			isa = XCBuildConfiguration;
			buildSettings = {
				ALWAYS_SEARCH_USER_PATHS = NO;
				CLANG_CXX_LANGUAGE_STANDARD = "gnu++0x";
				CLANG_LINK_OBJC_RUNTIME = NO;
				CLANG_WARN_OBJC_MISSING_PROPERTY_SYNTHESIS = NO;
				COPY_PHASE_STRIP = NO;
				EXECUTABLE_PREFIX = lib;
				GCC_CW_ASM_SYNTAX = NO;
				GCC_C_LANGUAGE_STANDARD = c99;
				GCC_ENABLE_CPP_EXCEPTIONS = NO;
				GCC_ENABLE_CPP_RTTI = NO;
				GCC_ENABLE_PASCAL_STRINGS = NO;
				GCC_INLINES_ARE_PRIVATE_EXTERN = YES;
				GCC_OBJC_CALL_CXX_CDTORS = YES;
				GCC_OPTIMIZATION_LEVEL = 0;
				GCC_PRECOMPILE_PREFIX_HEADER = YES;
				GCC_PREPROCESSOR_DEFINITIONS = (
					V8_DEPRECATION_WARNINGS,
					BLINK_SCALE_FILTERS_AT_RECORD_TIME,
					DISABLE_NACL,
					CHROMIUM_BUILD,
					"USE_LIBJPEG_TURBO=1",
					ENABLE_CONFIGURATION_POLICY,
					DISCARDABLE_MEMORY_ALWAYS_SUPPORTED_NATIVELY,
					SYSTEM_NATIVELY_SIGNALS_MEMORY_PRESSURE,
					"ENABLE_EGLIMAGE=1",
					"CLD_VERSION=1",
					"ENABLE_SPELLCHECK=1",
					"DISABLE_FTP_SUPPORT=1",
					LIBYUV_NEON,
					"DYNAMIC_ANNOTATIONS_ENABLED=1",
					"WTF_USE_DYNAMIC_ANNOTATIONS=1",
				);
				GCC_SYMBOLS_PRIVATE_EXTERN = YES;
				GCC_THREADSAFE_STATICS = NO;
				GCC_TREAT_WARNINGS_AS_ERRORS = NO;
				GCC_VERSION = com.apple.compilers.llvm.clang.1_0;
				GCC_WARN_ABOUT_MISSING_NEWLINE = YES;
				HEADER_SEARCH_PATHS = (
					include,
					.,
				);
				IPHONEOS_DEPLOYMENT_TARGET = 6.0;
				OTHER_CFLAGS = "-fstack-protector-all";
				PRODUCT_NAME = yuv;
				RUN_CLANG_STATIC_ANALYZER = NO;
				USE_HEADERMAP = NO;
				VALID_ARCHS = "armv7 armv7s";
				WARNING_CFLAGS = (
					"-Wendif-labels",
					"-Wno-unused-parameter",
					"-Wno-missing-field-initializers",
					"-Wheader-hygiene",
					"-Wno-c++11-narrowing",
					"-Wno-char-subscripts",
					"-Wno-unneeded-internal-declaration",
					"-Wno-covered-switch-default",
					"-Wstring-conversion",
					"-Wno-deprecated-register",
					"-Wno-absolute-value",
					"-Wno-unknown-warning-option",
				);
				WARNING_CFLAGS_excluded = "-Wall -Wextra";
			};
			name = Debug;
		};
		E7A14EA429E1392618DCEA55 /* Profile */ = {
			isa = XCBuildConfiguration;
			buildSettings = {
				INTERMEDIATE_DIR = "$(PROJECT_DERIVED_FILE_DIR)/$(CONFIGURATION)";
				SDKROOT = iphoneos;
				SHARED_INTERMEDIATE_DIR = "$(SYMROOT)/DerivedSources/$(CONFIGURATION)";
				SKIP_INSTALL = YES;
				SYMROOT = ../../xcodebuild;
				TARGETED_DEVICE_FAMILY = "1,2";
			};
			name = Profile;
		};
		E9BD3EA9F251A7E0039F19F0 /* Release */ = {
			isa = XCBuildConfiguration;
			buildSettings = {
				ALWAYS_SEARCH_USER_PATHS = NO;
				CLANG_CXX_LANGUAGE_STANDARD = "gnu++0x";
				CLANG_LINK_OBJC_RUNTIME = NO;
				CLANG_WARN_OBJC_MISSING_PROPERTY_SYNTHESIS = NO;
				COPY_PHASE_STRIP = NO;
				DEAD_CODE_STRIPPING = YES;
				EXECUTABLE_PREFIX = lib;
				GCC_CW_ASM_SYNTAX = NO;
				GCC_C_LANGUAGE_STANDARD = c99;
				GCC_ENABLE_CPP_EXCEPTIONS = NO;
				GCC_ENABLE_CPP_RTTI = NO;
				GCC_ENABLE_PASCAL_STRINGS = NO;
				GCC_INLINES_ARE_PRIVATE_EXTERN = YES;
				GCC_OBJC_CALL_CXX_CDTORS = YES;
				GCC_OPTIMIZATION_LEVEL = s;
				GCC_PRECOMPILE_PREFIX_HEADER = YES;
				GCC_PREPROCESSOR_DEFINITIONS = (
					V8_DEPRECATION_WARNINGS,
					BLINK_SCALE_FILTERS_AT_RECORD_TIME,
					DISABLE_NACL,
					CHROMIUM_BUILD,
					"USE_LIBJPEG_TURBO=1",
					ENABLE_CONFIGURATION_POLICY,
					DISCARDABLE_MEMORY_ALWAYS_SUPPORTED_NATIVELY,
					SYSTEM_NATIVELY_SIGNALS_MEMORY_PRESSURE,
					"ENABLE_EGLIMAGE=1",
					"CLD_VERSION=1",
					"ENABLE_SPELLCHECK=1",
					"DISABLE_FTP_SUPPORT=1",
					LIBYUV_NEON,
					NDEBUG,
					NVALGRIND,
					"DYNAMIC_ANNOTATIONS_ENABLED=0",
					"NS_BLOCK_ASSERTIONS=1",
				);
				GCC_SYMBOLS_PRIVATE_EXTERN = YES;
				GCC_THREADSAFE_STATICS = NO;
				GCC_TREAT_WARNINGS_AS_ERRORS = NO;
				GCC_VERSION = com.apple.compilers.llvm.clang.1_0;
				GCC_WARN_ABOUT_MISSING_NEWLINE = YES;
				HEADER_SEARCH_PATHS = (
					include,
					.,
				);
				IPHONEOS_DEPLOYMENT_TARGET = 6.0;
				OTHER_CFLAGS = "";
				PRODUCT_NAME = yuv;
				RUN_CLANG_STATIC_ANALYZER = NO;
				USE_HEADERMAP = NO;
				VALID_ARCHS = "armv7 armv7s";
				WARNING_CFLAGS = (
					"-Wendif-labels",
					"-Wno-unused-parameter",
					"-Wno-missing-field-initializers",
					"-Wheader-hygiene",
					"-Wno-c++11-narrowing",
					"-Wno-char-subscripts",
					"-Wno-unneeded-internal-declaration",
					"-Wno-covered-switch-default",
					"-Wstring-conversion",
					"-Wno-deprecated-register",
					"-Wno-absolute-value",
					"-Wno-unknown-warning-option",
				);
				WARNING_CFLAGS_excluded = "-Wall -Wextra";
			};
			name = Release;
		};
/* End XCBuildConfiguration section */

/* Begin XCConfigurationList section */
		27F6E02B91E12942B9402693 /* Build configuration list for PBXNativeTarget "libyuv_neon" */ = {
			isa = XCConfigurationList;
			buildConfigurations = (
				B48ED5263FC78C357C781A76 /* Debug */,
				9E3292FF7BC4A7DADD4C5476 /* Profile */,
				C114BE44C4731D49E2FA1EFB /* Release */,
			);
			defaultConfigurationIsVisible = 1;
			defaultConfigurationName = Debug;
		};
		54432C639D0E4F1C2AA31DD2 /* Build configuration list for PBXProject "libyuv_ios" */ = {
			isa = XCConfigurationList;
			buildConfigurations = (
				C108B4EFD5907D2CE58B4D4A /* Debug */,
				E7A14EA429E1392618DCEA55 /* Profile */,
				1AD16B7ED718FCCC331AEB5A /* Release */,
			);
			defaultConfigurationIsVisible = 1;
			defaultConfigurationName = Debug;
		};
		58C7E2BD2338B9A27EB4866D /* Build configuration list for PBXAggregateTarget "All" */ = {
			isa = XCConfigurationList;
			buildConfigurations = (
				25653B5A19E30F103CA5BC4F /* Debug */,
				7E82C7E3333926DEA110C9A0 /* Profile */,
				4763052CA76A845B3C04A8DC /* Release */,
			);
			defaultConfigurationIsVisible = 1;
			defaultConfigurationName = Debug;
		};
		9278C9EACB248EE6099C966E /* Build configuration list for PBXNativeTarget "libyuv" */ = {
			isa = XCConfigurationList;
			buildConfigurations = (
				E2DFB93E2E35B25F9AB849E1 /* Debug */,
				79A66B7BD6AA51F6526EF61C /* Profile */,
				E9BD3EA9F251A7E0039F19F0 /* Release */,
			);
			defaultConfigurationIsVisible = 1;
			defaultConfigurationName = Debug;
		};
/* End XCConfigurationList section */
	};
	rootObject = 00763F89FAF8EBC9E4A6EFC8 /* Project object */;
}
